// !$*UTF8*$!
{
	archiveVersion = 1;
	classes = {
	};
	objectVersion = 46;
	objects = {

/* Begin PBXBuildFile section */
		080C84FD1C940D5700BC14ED /* main.m in Sources */ = {isa = PBXBuildFile; fileRef = 080C84FC1C940D5700BC14ED /* main.m */; };
		080C85001C940D5700BC14ED /* AppDelegate.m in Sources */ = {isa = PBXBuildFile; fileRef = 080C84FF1C940D5700BC14ED /* AppDelegate.m */; };
		080C85021C940D5700BC14ED /* Assets.xcassets in Resources */ = {isa = PBXBuildFile; fileRef = 080C85011C940D5700BC14ED /* Assets.xcassets */; };
		080C85051C940D5700BC14ED /* LaunchScreen.storyboard in Resources */ = {isa = PBXBuildFile; fileRef = 080C85031C940D5700BC14ED /* LaunchScreen.storyboard */; };
		080C85171C941C9A00BC14ED /* MHTabBarController.m in Sources */ = {isa = PBXBuildFile; fileRef = 080C85161C941C9A00BC14ED /* MHTabBarController.m */; };
		080C851E1C941DDA00BC14ED /* MHTabBar.m in Sources */ = {isa = PBXBuildFile; fileRef = 080C851D1C941DDA00BC14ED /* MHTabBar.m */; };
		080C85211C941F5D00BC14ED /* MHTabBarButton.m in Sources */ = {isa = PBXBuildFile; fileRef = 080C85201C941F5D00BC14ED /* MHTabBarButton.m */; };
		085D76881C971993002027A6 /* UIBarButtonItem+IconButton.m in Sources */ = {isa = PBXBuildFile; fileRef = 085D76861C971993002027A6 /* UIBarButtonItem+IconButton.m */; };
		085D768B1C971EB8002027A6 /* MHTitleButton.m in Sources */ = {isa = PBXBuildFile; fileRef = 085D768A1C971EB8002027A6 /* MHTitleButton.m */; };
		085D768E1C9721E6002027A6 /* MHSearchBar.m in Sources */ = {isa = PBXBuildFile; fileRef = 085D768D1C9721E6002027A6 /* MHSearchBar.m */; };
		0860494A1C94662000A541E1 /* UIImage+IOSVersion.m in Sources */ = {isa = PBXBuildFile; fileRef = 086049491C94662000A541E1 /* UIImage+IOSVersion.m */; };
		0860494E1C947A2400A541E1 /* MHBadgeButton.m in Sources */ = {isa = PBXBuildFile; fileRef = 0860494D1C947A2400A541E1 /* MHBadgeButton.m */; };
		0891014C1C953868002C2680 /* MHNavigationController.m in Sources */ = {isa = PBXBuildFile; fileRef = 0891014B1C953868002C2680 /* MHNavigationController.m */; };
		08A941B01C942DB200C68B84 /* MHDiscoverViewController.m in Sources */ = {isa = PBXBuildFile; fileRef = 08A941AF1C942DB200C68B84 /* MHDiscoverViewController.m */; };
		08A941B31C942DCA00C68B84 /* MHHomeViewController.m in Sources */ = {isa = PBXBuildFile; fileRef = 08A941B21C942DCA00C68B84 /* MHHomeViewController.m */; };
		08A941B61C942DE600C68B84 /* MHMeViewController.m in Sources */ = {isa = PBXBuildFile; fileRef = 08A941B51C942DE600C68B84 /* MHMeViewController.m */; };
		08A941B91C942DFD00C68B84 /* MHMessageViewController.m in Sources */ = {isa = PBXBuildFile; fileRef = 08A941B81C942DFD00C68B84 /* MHMessageViewController.m */; };
		08F7704B1C97268D00D22545 /* MHWriteMessageController.m in Sources */ = {isa = PBXBuildFile; fileRef = 08F7704A1C97268D00D22545 /* MHWriteMessageController.m */; };
/* End PBXBuildFile section */

/* Begin PBXFileReference section */
		080C84F81C940D5700BC14ED /* MHWeiBo.app */ = {isa = PBXFileReference; explicitFileType = wrapper.application; includeInIndex = 0; path = MHWeiBo.app; sourceTree = BUILT_PRODUCTS_DIR; };
		080C84FC1C940D5700BC14ED /* main.m */ = {isa = PBXFileReference; lastKnownFileType = sourcecode.c.objc; path = main.m; sourceTree = "<group>"; };
		080C84FE1C940D5700BC14ED /* AppDelegate.h */ = {isa = PBXFileReference; lastKnownFileType = sourcecode.c.h; path = AppDelegate.h; sourceTree = "<group>"; };
		080C84FF1C940D5700BC14ED /* AppDelegate.m */ = {isa = PBXFileReference; lastKnownFileType = sourcecode.c.objc; path = AppDelegate.m; sourceTree = "<group>"; };
		080C85011C940D5700BC14ED /* Assets.xcassets */ = {isa = PBXFileReference; lastKnownFileType = folder.assetcatalog; path = Assets.xcassets; sourceTree = "<group>"; };
		080C85041C940D5700BC14ED /* Base */ = {isa = PBXFileReference; lastKnownFileType = file.storyboard; name = Base; path = Base.lproj/LaunchScreen.storyboard; sourceTree = "<group>"; };
		080C85061C940D5700BC14ED /* Info.plist */ = {isa = PBXFileReference; lastKnownFileType = text.plist.xml; path = Info.plist; sourceTree = "<group>"; };
		080C85151C941C9A00BC14ED /* MHTabBarController.h */ = {isa = PBXFileReference; fileEncoding = 4; lastKnownFileType = sourcecode.c.h; path = MHTabBarController.h; sourceTree = "<group>"; };
		080C85161C941C9A00BC14ED /* MHTabBarController.m */ = {isa = PBXFileReference; fileEncoding = 4; lastKnownFileType = sourcecode.c.objc; path = MHTabBarController.m; sourceTree = "<group>"; };
		080C851C1C941DDA00BC14ED /* MHTabBar.h */ = {isa = PBXFileReference; fileEncoding = 4; lastKnownFileType = sourcecode.c.h; path = MHTabBar.h; sourceTree = "<group>"; };
		080C851D1C941DDA00BC14ED /* MHTabBar.m */ = {isa = PBXFileReference; fileEncoding = 4; lastKnownFileType = sourcecode.c.objc; path = MHTabBar.m; sourceTree = "<group>"; };
		080C851F1C941F5D00BC14ED /* MHTabBarButton.h */ = {isa = PBXFileReference; fileEncoding = 4; lastKnownFileType = sourcecode.c.h; path = MHTabBarButton.h; sourceTree = "<group>"; };
		080C85201C941F5D00BC14ED /* MHTabBarButton.m */ = {isa = PBXFileReference; fileEncoding = 4; lastKnownFileType = sourcecode.c.objc; path = MHTabBarButton.m; sourceTree = "<group>"; };
		085D76861C971993002027A6 /* UIBarButtonItem+IconButton.m */ = {isa = PBXFileReference; fileEncoding = 4; lastKnownFileType = sourcecode.c.objc; path = "UIBarButtonItem+IconButton.m"; sourceTree = "<group>"; };
		085D76871C971993002027A6 /* UIBarButtonItem+IconButton.h */ = {isa = PBXFileReference; fileEncoding = 4; lastKnownFileType = sourcecode.c.h; path = "UIBarButtonItem+IconButton.h"; sourceTree = "<group>"; };
		085D76891C971EB8002027A6 /* MHTitleButton.h */ = {isa = PBXFileReference; fileEncoding = 4; lastKnownFileType = sourcecode.c.h; path = MHTitleButton.h; sourceTree = "<group>"; };
		085D768A1C971EB8002027A6 /* MHTitleButton.m */ = {isa = PBXFileReference; fileEncoding = 4; lastKnownFileType = sourcecode.c.objc; path = MHTitleButton.m; sourceTree = "<group>"; };
		085D768C1C9721E6002027A6 /* MHSearchBar.h */ = {isa = PBXFileReference; fileEncoding = 4; lastKnownFileType = sourcecode.c.h; path = MHSearchBar.h; sourceTree = "<group>"; };
		085D768D1C9721E6002027A6 /* MHSearchBar.m */ = {isa = PBXFileReference; fileEncoding = 4; lastKnownFileType = sourcecode.c.objc; path = MHSearchBar.m; sourceTree = "<group>"; };
		086049481C94662000A541E1 /* UIImage+IOSVersion.h */ = {isa = PBXFileReference; fileEncoding = 4; lastKnownFileType = sourcecode.c.h; path = "UIImage+IOSVersion.h"; sourceTree = "<group>"; };
		086049491C94662000A541E1 /* UIImage+IOSVersion.m */ = {isa = PBXFileReference; fileEncoding = 4; lastKnownFileType = sourcecode.c.objc; path = "UIImage+IOSVersion.m"; sourceTree = "<group>"; };
		0860494B1C946FD900A541E1 /* MHWeibo.pch */ = {isa = PBXFileReference; lastKnownFileType = sourcecode.c.h; path = MHWeibo.pch; sourceTree = "<group>"; };
		0860494C1C947A2400A541E1 /* MHBadgeButton.h */ = {isa = PBXFileReference; fileEncoding = 4; lastKnownFileType = sourcecode.c.h; path = MHBadgeButton.h; sourceTree = "<group>"; };
		0860494D1C947A2400A541E1 /* MHBadgeButton.m */ = {isa = PBXFileReference; fileEncoding = 4; lastKnownFileType = sourcecode.c.objc; path = MHBadgeButton.m; sourceTree = "<group>"; };
		0891014A1C953868002C2680 /* MHNavigationController.h */ = {isa = PBXFileReference; fileEncoding = 4; lastKnownFileType = sourcecode.c.h; path = MHNavigationController.h; sourceTree = "<group>"; };
		0891014B1C953868002C2680 /* MHNavigationController.m */ = {isa = PBXFileReference; fileEncoding = 4; lastKnownFileType = sourcecode.c.objc; path = MHNavigationController.m; sourceTree = "<group>"; };
		08A941AE1C942DB200C68B84 /* MHDiscoverViewController.h */ = {isa = PBXFileReference; fileEncoding = 4; lastKnownFileType = sourcecode.c.h; path = MHDiscoverViewController.h; sourceTree = "<group>"; };
		08A941AF1C942DB200C68B84 /* MHDiscoverViewController.m */ = {isa = PBXFileReference; fileEncoding = 4; lastKnownFileType = sourcecode.c.objc; path = MHDiscoverViewController.m; sourceTree = "<group>"; };
		08A941B11C942DCA00C68B84 /* MHHomeViewController.h */ = {isa = PBXFileReference; fileEncoding = 4; lastKnownFileType = sourcecode.c.h; path = MHHomeViewController.h; sourceTree = "<group>"; };
		08A941B21C942DCA00C68B84 /* MHHomeViewController.m */ = {isa = PBXFileReference; fileEncoding = 4; lastKnownFileType = sourcecode.c.objc; path = MHHomeViewController.m; sourceTree = "<group>"; };
		08A941B41C942DE600C68B84 /* MHMeViewController.h */ = {isa = PBXFileReference; fileEncoding = 4; lastKnownFileType = sourcecode.c.h; path = MHMeViewController.h; sourceTree = "<group>"; };
		08A941B51C942DE600C68B84 /* MHMeViewController.m */ = {isa = PBXFileReference; fileEncoding = 4; lastKnownFileType = sourcecode.c.objc; path = MHMeViewController.m; sourceTree = "<group>"; };
		08A941B71C942DFD00C68B84 /* MHMessageViewController.h */ = {isa = PBXFileReference; fileEncoding = 4; lastKnownFileType = sourcecode.c.h; path = MHMessageViewController.h; sourceTree = "<group>"; };
		08A941B81C942DFD00C68B84 /* MHMessageViewController.m */ = {isa = PBXFileReference; fileEncoding = 4; lastKnownFileType = sourcecode.c.objc; path = MHMessageViewController.m; sourceTree = "<group>"; };
		08F770491C97268D00D22545 /* MHWriteMessageController.h */ = {isa = PBXFileReference; fileEncoding = 4; lastKnownFileType = sourcecode.c.h; path = MHWriteMessageController.h; sourceTree = "<group>"; };
		08F7704A1C97268D00D22545 /* MHWriteMessageController.m */ = {isa = PBXFileReference; fileEncoding = 4; lastKnownFileType = sourcecode.c.objc; path = MHWriteMessageController.m; sourceTree = "<group>"; };
/* End PBXFileReference section */

/* Begin PBXFrameworksBuildPhase section */
		080C84F51C940D5600BC14ED /* Frameworks */ = {
			isa = PBXFrameworksBuildPhase;
			buildActionMask = 2147483647;
			files = (
			);
			runOnlyForDeploymentPostprocessing = 0;
		};
/* End PBXFrameworksBuildPhase section */

/* Begin PBXGroup section */
		080C84EF1C940D5600BC14ED = {
			isa = PBXGroup;
			children = (
				080C84FA1C940D5700BC14ED /* MHWeiBo */,
				080C84F91C940D5700BC14ED /* Products */,
			);
			sourceTree = "<group>";
		};
		080C84F91C940D5700BC14ED /* Products */ = {
			isa = PBXGroup;
			children = (
				080C84F81C940D5700BC14ED /* MHWeiBo.app */,
			);
			name = Products;
			sourceTree = "<group>";
		};
		080C84FA1C940D5700BC14ED /* MHWeiBo */ = {
			isa = PBXGroup;
			children = (
				086049471C9462C500A541E1 /* Category */,
				080C851B1C941D8600BC14ED /* Models */,
				080C851A1C941D7800BC14ED /* Controls */,
				080C85191C941D6900BC14ED /* Views */,
				080C85181C941D5A00BC14ED /* Controllers */,
				080C84FE1C940D5700BC14ED /* AppDelegate.h */,
				080C84FF1C940D5700BC14ED /* AppDelegate.m */,
				080C84FB1C940D5700BC14ED /* Supporting Files */,
			);
			path = MHWeiBo;
			sourceTree = "<group>";
		};
		080C84FB1C940D5700BC14ED /* Supporting Files */ = {
			isa = PBXGroup;
			children = (
				080C85011C940D5700BC14ED /* Assets.xcassets */,
				080C85031C940D5700BC14ED /* LaunchScreen.storyboard */,
				080C85061C940D5700BC14ED /* Info.plist */,
				080C84FC1C940D5700BC14ED /* main.m */,
				0860494B1C946FD900A541E1 /* MHWeibo.pch */,
			);
			name = "Supporting Files";
			sourceTree = "<group>";
		};
		080C85181C941D5A00BC14ED /* Controllers */ = {
			isa = PBXGroup;
			children = (
				08F770491C97268D00D22545 /* MHWriteMessageController.h */,
				08F7704A1C97268D00D22545 /* MHWriteMessageController.m */,
				089101491C95380D002C2680 /* Main */,
				089101481C9537DF002C2680 /* Me */,
				089101471C9537D4002C2680 /* Discover */,
				089101461C9537CC002C2680 /* Message */,
				089101451C9537C1002C2680 /* Home */,
			);
			name = Controllers;
			sourceTree = "<group>";
		};
		080C85191C941D6900BC14ED /* Views */ = {
			isa = PBXGroup;
			children = (
				080C851C1C941DDA00BC14ED /* MHTabBar.h */,
				080C851D1C941DDA00BC14ED /* MHTabBar.m */,
				085D76891C971EB8002027A6 /* MHTitleButton.h */,
				085D768A1C971EB8002027A6 /* MHTitleButton.m */,
				085D768C1C9721E6002027A6 /* MHSearchBar.h */,
				085D768D1C9721E6002027A6 /* MHSearchBar.m */,
			);
			name = Views;
			sourceTree = "<group>";
		};
		080C851A1C941D7800BC14ED /* Controls */ = {
			isa = PBXGroup;
			children = (
				080C851F1C941F5D00BC14ED /* MHTabBarButton.h */,
				080C85201C941F5D00BC14ED /* MHTabBarButton.m */,
				0860494C1C947A2400A541E1 /* MHBadgeButton.h */,
				0860494D1C947A2400A541E1 /* MHBadgeButton.m */,
			);
			name = Controls;
			sourceTree = "<group>";
		};
		080C851B1C941D8600BC14ED /* Models */ = {
			isa = PBXGroup;
			children = (
			);
			name = Models;
			sourceTree = "<group>";
		};
		086049471C9462C500A541E1 /* Category */ = {
			isa = PBXGroup;
			children = (
				085D76871C971993002027A6 /* UIBarButtonItem+IconButton.h */,
				085D76861C971993002027A6 /* UIBarButtonItem+IconButton.m */,
				086049481C94662000A541E1 /* UIImage+IOSVersion.h */,
				086049491C94662000A541E1 /* UIImage+IOSVersion.m */,
			);
			name = Category;
			sourceTree = "<group>";
		};
		089101451C9537C1002C2680 /* Home */ = {
			isa = PBXGroup;
			children = (
				08A941B11C942DCA00C68B84 /* MHHomeViewController.h */,
				08A941B21C942DCA00C68B84 /* MHHomeViewController.m */,
			);
			name = Home;
			sourceTree = "<group>";
		};
		089101461C9537CC002C2680 /* Message */ = {
			isa = PBXGroup;
			children = (
				08A941B71C942DFD00C68B84 /* MHMessageViewController.h */,
				08A941B81C942DFD00C68B84 /* MHMessageViewController.m */,
			);
			name = Message;
			sourceTree = "<group>";
		};
		089101471C9537D4002C2680 /* Discover */ = {
			isa = PBXGroup;
			children = (
				08A941AE1C942DB200C68B84 /* MHDiscoverViewController.h */,
				08A941AF1C942DB200C68B84 /* MHDiscoverViewController.m */,
			);
			name = Discover;
			sourceTree = "<group>";
		};
		089101481C9537DF002C2680 /* Me */ = {
			isa = PBXGroup;
			children = (
				08A941B41C942DE600C68B84 /* MHMeViewController.h */,
				08A941B51C942DE600C68B84 /* MHMeViewController.m */,
			);
			name = Me;
			sourceTree = "<group>";
		};
		089101491C95380D002C2680 /* Main */ = {
			isa = PBXGroup;
			children = (
				080C85151C941C9A00BC14ED /* MHTabBarController.h */,
				080C85161C941C9A00BC14ED /* MHTabBarController.m */,
				0891014A1C953868002C2680 /* MHNavigationController.h */,
				0891014B1C953868002C2680 /* MHNavigationController.m */,
			);
			name = Main;
			sourceTree = "<group>";
		};
/* End PBXGroup section */

/* Begin PBXNativeTarget section */
		080C84F71C940D5600BC14ED /* MHWeiBo */ = {
			isa = PBXNativeTarget;
			buildConfigurationList = 080C85091C940D5700BC14ED /* Build configuration list for PBXNativeTarget "MHWeiBo" */;
			buildPhases = (
				080C84F41C940D5600BC14ED /* Sources */,
				080C84F51C940D5600BC14ED /* Frameworks */,
				080C84F61C940D5600BC14ED /* Resources */,
			);
			buildRules = (
			);
			dependencies = (
			);
			name = MHWeiBo;
			productName = MHWeiBo;
			productReference = 080C84F81C940D5700BC14ED /* MHWeiBo.app */;
			productType = "com.apple.product-type.application";
		};
/* End PBXNativeTarget section */

/* Begin PBXProject section */
		080C84F01C940D5600BC14ED /* Project object */ = {
			isa = PBXProject;
			attributes = {
				LastUpgradeCheck = 0720;
				ORGANIZATIONNAME = Carrot;
				TargetAttributes = {
					080C84F71C940D5600BC14ED = {
						CreatedOnToolsVersion = 7.2;
						DevelopmentTeam = SX29V57VT7;
					};
				};
			};
			buildConfigurationList = 080C84F31C940D5600BC14ED /* Build configuration list for PBXProject "MHWeiBo" */;
			compatibilityVersion = "Xcode 3.2";
			developmentRegion = English;
			hasScannedForEncodings = 0;
			knownRegions = (
				en,
				Base,
			);
			mainGroup = 080C84EF1C940D5600BC14ED;
			productRefGroup = 080C84F91C940D5700BC14ED /* Products */;
			projectDirPath = "";
			projectRoot = "";
			targets = (
				080C84F71C940D5600BC14ED /* MHWeiBo */,
			);
		};
/* End PBXProject section */

/* Begin PBXResourcesBuildPhase section */
		080C84F61C940D5600BC14ED /* Resources */ = {
			isa = PBXResourcesBuildPhase;
			buildActionMask = 2147483647;
			files = (
				080C85021C940D5700BC14ED /* Assets.xcassets in Resources */,
				080C85051C940D5700BC14ED /* LaunchScreen.storyboard in Resources */,
			);
			runOnlyForDeploymentPostprocessing = 0;
		};
/* End PBXResourcesBuildPhase section */

/* Begin PBXSourcesBuildPhase section */
		080C84F41C940D5600BC14ED /* Sources */ = {
			isa = PBXSourcesBuildPhase;
			buildActionMask = 2147483647;
			files = (
				08A941B31C942DCA00C68B84 /* MHHomeViewController.m in Sources */,
				0860494E1C947A2400A541E1 /* MHBadgeButton.m in Sources */,
				080C85001C940D5700BC14ED /* AppDelegate.m in Sources */,
				080C85171C941C9A00BC14ED /* MHTabBarController.m in Sources */,
				0891014C1C953868002C2680 /* MHNavigationController.m in Sources */,
				080C851E1C941DDA00BC14ED /* MHTabBar.m in Sources */,
				080C85211C941F5D00BC14ED /* MHTabBarButton.m in Sources */,
				08A941B91C942DFD00C68B84 /* MHMessageViewController.m in Sources */,
				08A941B61C942DE600C68B84 /* MHMeViewController.m in Sources */,
				08A941B01C942DB200C68B84 /* MHDiscoverViewController.m in Sources */,
				0860494A1C94662000A541E1 /* UIImage+IOSVersion.m in Sources */,
				085D768B1C971EB8002027A6 /* MHTitleButton.m in Sources */,
				085D768E1C9721E6002027A6 /* MHSearchBar.m in Sources */,
				085D76881C971993002027A6 /* UIBarButtonItem+IconButton.m in Sources */,
				08F7704B1C97268D00D22545 /* MHWriteMessageController.m in Sources */,
				080C84FD1C940D5700BC14ED /* main.m in Sources */,
			);
			runOnlyForDeploymentPostprocessing = 0;
		};
/* End PBXSourcesBuildPhase section */

/* Begin PBXVariantGroup section */
		080C85031C940D5700BC14ED /* LaunchScreen.storyboard */ = {
			isa = PBXVariantGroup;
			children = (
				080C85041C940D5700BC14ED /* Base */,
			);
			name = LaunchScreen.storyboard;
			sourceTree = "<group>";
		};
/* End PBXVariantGroup section */

/* Begin XCBuildConfiguration section */
		080C85071C940D5700BC14ED /* Debug */ = {
			isa = XCBuildConfiguration;
			buildSettings = {
				ALWAYS_SEARCH_USER_PATHS = NO;
				CLANG_CXX_LANGUAGE_STANDARD = "gnu++0x";
				CLANG_CXX_LIBRARY = "libc++";
				CLANG_ENABLE_MODULES = YES;
				CLANG_ENABLE_OBJC_ARC = YES;
				CLANG_WARN_BOOL_CONVERSION = YES;
				CLANG_WARN_CONSTANT_CONVERSION = YES;
				CLANG_WARN_DIRECT_OBJC_ISA_USAGE = YES_ERROR;
				CLANG_WARN_EMPTY_BODY = YES;
				CLANG_WARN_ENUM_CONVERSION = YES;
				CLANG_WARN_INT_CONVERSION = YES;
				CLANG_WARN_OBJC_ROOT_CLASS = YES_ERROR;
				CLANG_WARN_UNREACHABLE_CODE = YES;
				CLANG_WARN__DUPLICATE_METHOD_MATCH = YES;
				"CODE_SIGN_IDENTITY[sdk=iphoneos*]" = "iPhone Developer";
				COPY_PHASE_STRIP = NO;
				DEBUG_INFORMATION_FORMAT = dwarf;
				ENABLE_STRICT_OBJC_MSGSEND = YES;
				ENABLE_TESTABILITY = YES;
				GCC_C_LANGUAGE_STANDARD = gnu99;
				GCC_DYNAMIC_NO_PIC = NO;
				GCC_NO_COMMON_BLOCKS = YES;
				GCC_OPTIMIZATION_LEVEL = 0;
				GCC_PREPROCESSOR_DEFINITIONS = (
					"DEBUG=1",
					"$(inherited)",
				);
				GCC_WARN_64_TO_32_BIT_CONVERSION = YES;
				GCC_WARN_ABOUT_RETURN_TYPE = YES_ERROR;
				GCC_WARN_UNDECLARED_SELECTOR = YES;
				GCC_WARN_UNINITIALIZED_AUTOS = YES_AGGRESSIVE;
				GCC_WARN_UNUSED_FUNCTION = YES;
				GCC_WARN_UNUSED_VARIABLE = YES;
				IPHONEOS_DEPLOYMENT_TARGET = 9.2;
				MTL_ENABLE_DEBUG_INFO = YES;
				ONLY_ACTIVE_ARCH = YES;
				SDKROOT = iphoneos;
			};
			name = Debug;
		};
		080C85081C940D5700BC14ED /* Release */ = {
			isa = XCBuildConfiguration;
			buildSettings = {
				ALWAYS_SEARCH_USER_PATHS = NO;
				CLANG_CXX_LANGUAGE_STANDARD = "gnu++0x";
				CLANG_CXX_LIBRARY = "libc++";
				CLANG_ENABLE_MODULES = YES;
				CLANG_ENABLE_OBJC_ARC = YES;
				CLANG_WARN_BOOL_CONVERSION = YES;
				CLANG_WARN_CONSTANT_CONVERSION = YES;
				CLANG_WARN_DIRECT_OBJC_ISA_USAGE = YES_ERROR;
				CLANG_WARN_EMPTY_BODY = YES;
				CLANG_WARN_ENUM_CONVERSION = YES;
				CLANG_WARN_INT_CONVERSION = YES;
				CLANG_WARN_OBJC_ROOT_CLASS = YES_ERROR;
				CLANG_WARN_UNREACHABLE_CODE = YES;
				CLANG_WARN__DUPLICATE_METHOD_MATCH = YES;
				"CODE_SIGN_IDENTITY[sdk=iphoneos*]" = "iPhone Developer";
				COPY_PHASE_STRIP = NO;
				DEBUG_INFORMATION_FORMAT = "dwarf-with-dsym";
				ENABLE_NS_ASSERTIONS = NO;
				ENABLE_STRICT_OBJC_MSGSEND = YES;
				GCC_C_LANGUAGE_STANDARD = gnu99;
				GCC_NO_COMMON_BLOCKS = YES;
				GCC_WARN_64_TO_32_BIT_CONVERSION = YES;
				GCC_WARN_ABOUT_RETURN_TYPE = YES_ERROR;
				GCC_WARN_UNDECLARED_SELECTOR = YES;
				GCC_WARN_UNINITIALIZED_AUTOS = YES_AGGRESSIVE;
				GCC_WARN_UNUSED_FUNCTION = YES;
				GCC_WARN_UNUSED_VARIABLE = YES;
				IPHONEOS_DEPLOYMENT_TARGET = 9.2;
				MTL_ENABLE_DEBUG_INFO = NO;
				SDKROOT = iphoneos;
				VALIDATE_PRODUCT = YES;
			};
			name = Release;
		};
		080C850A1C940D5700BC14ED /* Debug */ = {
			isa = XCBuildConfiguration;
			buildSettings = {
				ASSETCATALOG_COMPILER_APPICON_NAME = AppIcon;
				ASSETCATALOG_COMPILER_LAUNCHIMAGE_NAME = LaunchImage;
				GCC_INCREASE_PRECOMPILED_HEADER_SHARING = NO;
				GCC_PREFIX_HEADER = MHWeiBo/MHWeibo.pch;
				INFOPLIST_FILE = MHWeiBo/Info.plist;
				LD_RUNPATH_SEARCH_PATHS = "$(inherited) @executable_path/Frameworks";
				PRODUCT_BUNDLE_IDENTIFIER = com.carrot.baidao.MHWeiBo;
				PRODUCT_NAME = "$(TARGET_NAME)";
			};
			name = Debug;
		};
		080C850B1C940D5700BC14ED /* Release */ = {
			isa = XCBuildConfiguration;
			buildSettings = {
				ASSETCATALOG_COMPILER_APPICON_NAME = AppIcon;
				ASSETCATALOG_COMPILER_LAUNCHIMAGE_NAME = LaunchImage;
				GCC_INCREASE_PRECOMPILED_HEADER_SHARING = NO;
				GCC_PREFIX_HEADER = MHWeiBo/MHWeibo.pch;
				INFOPLIST_FILE = MHWeiBo/Info.plist;
				LD_RUNPATH_SEARCH_PATHS = "$(inherited) @executable_path/Frameworks";
				PRODUCT_BUNDLE_IDENTIFIER = com.carrot.baidao.MHWeiBo;
				PRODUCT_NAME = "$(TARGET_NAME)";
			};
			name = Release;
		};
/* End XCBuildConfiguration section */

/* Begin XCConfigurationList section */
		080C84F31C940D5600BC14ED /* Build configuration list for PBXProject "MHWeiBo" */ = {
			isa = XCConfigurationList;
			buildConfigurations = (
				080C85071C940D5700BC14ED /* Debug */,
				080C85081C940D5700BC14ED /* Release */,
			);
			defaultConfigurationIsVisible = 0;
			defaultConfigurationName = Release;
		};
		080C85091C940D5700BC14ED /* Build configuration list for PBXNativeTarget "MHWeiBo" */ = {
			isa = XCConfigurationList;
			buildConfigurations = (
				080C850A1C940D5700BC14ED /* Debug */,
				080C850B1C940D5700BC14ED /* Release */,
			);
			defaultConfigurationIsVisible = 0;
			defaultConfigurationName = Release;
		};
/* End XCConfigurationList section */
	};
	rootObject = 080C84F01C940D5600BC14ED /* Project object */;
}
